
Microsoft Visual Studio Solution File, Format Version 12.00
# Visual Studio Version 17
VisualStudioVersion = 17.2.32519.379
MinimumVisualStudioVersion = 10.0.40219.1
Project("{9A19103F-16F7-4668-BE54-9A1E7A4F7556}") = "Vasis.Gestor.Application", "Vasis.Gestor.Application\Vasis.Gestor.Application.csproj", "{79CB95BC-3B75-4636-8E49-F9A5E8D685AF}"
EndProject
Project("{9A19103F-16F7-4668-BE54-9A1E7A4F7556}") = "Vasis.Gestor.Domain", "Vasis.Gestor.Domain\Vasis.Gestor.Domain.csproj", "{6684C18F-3DC7-45C1-8019-FC29594B3A64}"
EndProject
Project("{9A19103F-16F7-4668-BE54-9A1E7A4F7556}") = "Vasis.Gestor.Domain.Tests", "Vasis.Gestor.Domain.Tests\Vasis.Gestor.Domain.Tests.csproj", "{1C0EAB9C-D1A7-4A9C-87A0-F1D90F75FB1F}"
EndProject
Project("{9A19103F-16F7-4668-BE54-9A1E7A4F7556}") = "Vasis.Gestor.Infra.Data", "Vasis.Gestor.Infra.Data\Vasis.Gestor.Infra.Data.csproj", "{18B04D3E-1C5C-4230-AC63-8EAC36420CF4}"
EndProject
Project("{9A19103F-16F7-4668-BE54-9A1E7A4F7556}") = "Vasis.Gestor.Infra.IoC", "Vasis.Gestor.Infra.IoC\Vasis.Gestor.Infra.IoC.csproj", "{459072AD-C14E-41E5-9931-37A296F9C1EE}"
EndProject
Project("{9A19103F-16F7-4668-BE54-9A1E7A4F7556}") = "Vasis.Gestor.WebUI", "Vasis.Gestor.WebUI\Vasis.Gestor.WebUI.csproj", "{C0F18E18-CB0F-4ABE-AC5A-58583CF4F75D}"
EndProject
Project("{9A19103F-16F7-4668-BE54-9A1E7A4F7556}") = "Vasis.Gestor.API", "Vasis.Gestor.API\Vasis.Gestor.API.csproj", "{6F698910-E80B-43A0-ADCF-49BE0510F397}"
EndProject
Global
	GlobalSection(SolutionConfigurationPlatforms) = preSolution
		Debug|Any CPU = Debug|Any CPU
		Release|Any CPU = Release|Any CPU
	EndGlobalSection
	GlobalSection(ProjectConfigurationPlatforms) = postSolution
		{79CB95BC-3B75-4636-8E49-F9A5E8D685AF}.Debug|Any CPU.ActiveCfg = Debug|Any CPU
		{79CB95BC-3B75-4636-8E49-F9A5E8D685AF}.Debug|Any CPU.Build.0 = Debug|Any CPU
		{79CB95BC-3B75-4636-8E49-F9A5E8D685AF}.Release|Any CPU.ActiveCfg = Release|Any CPU
		{79CB95BC-3B75-4636-8E49-F9A5E8D685AF}.Release|Any CPU.Build.0 = Release|Any CPU
		{6684C18F-3DC7-45C1-8019-FC29594B3A64}.Debug|Any CPU.ActiveCfg = Debug|Any CPU
		{6684C18F-3DC7-45C1-8019-FC29594B3A64}.Debug|Any CPU.Build.0 = Debug|Any CPU
		{6684C18F-3DC7-45C1-8019-FC29594B3A64}.Release|Any CPU.ActiveCfg = Release|Any CPU
		{6684C18F-3DC7-45C1-8019-FC29594B3A64}.Release|Any CPU.Build.0 = Release|Any CPU
		{1C0EAB9C-D1A7-4A9C-87A0-F1D90F75FB1F}.Debug|Any CPU.ActiveCfg = Debug|Any CPU
		{1C0EAB9C-D1A7-4A9C-87A0-F1D90F75FB1F}.Debug|Any CPU.Build.0 = Debug|Any CPU
		{1C0EAB9C-D1A7-4A9C-87A0-F1D90F75FB1F}.Release|Any CPU.ActiveCfg = Release|Any CPU
		{1C0EAB9C-D1A7-4A9C-87A0-F1D90F75FB1F}.Release|Any CPU.Build.0 = Release|Any CPU
		{18B04D3E-1C5C-4230-AC63-8EAC36420CF4}.Debug|Any CPU.ActiveCfg = Debug|Any CPU
		{18B04D3E-1C5C-4230-AC63-8EAC36420CF4}.Debug|Any CPU.Build.0 = Debug|Any CPU
		{18B04D3E-1C5C-4230-AC63-8EAC36420CF4}.Release|Any CPU.ActiveCfg = Release|Any CPU
		{18B04D3E-1C5C-4230-AC63-8EAC36420CF4}.Release|Any CPU.Build.0 = Release|Any CPU
		{459072AD-C14E-41E5-9931-37A296F9C1EE}.Debug|Any CPU.ActiveCfg = Debug|Any CPU
		{459072AD-C14E-41E5-9931-37A296F9C1EE}.Debug|Any CPU.Build.0 = Debug|Any CPU
		{459072AD-C14E-41E5-9931-37A296F9C1EE}.Release|Any CPU.ActiveCfg = Release|Any CPU
		{459072AD-C14E-41E5-9931-37A296F9C1EE}.Release|Any CPU.Build.0 = Release|Any CPU
		{C0F18E18-CB0F-4ABE-AC5A-58583CF4F75D}.Debug|Any CPU.ActiveCfg = Debug|Any CPU
		{C0F18E18-CB0F-4ABE-AC5A-58583CF4F75D}.Debug|Any CPU.Build.0 = Debug|Any CPU
		{C0F18E18-CB0F-4ABE-AC5A-58583CF4F75D}.Release|Any CPU.ActiveCfg = Release|Any CPU
		{C0F18E18-CB0F-4ABE-AC5A-58583CF4F75D}.Release|Any CPU.Build.0 = Release|Any CPU
		{6F698910-E80B-43A0-ADCF-49BE0510F397}.Debug|Any CPU.ActiveCfg = Debug|Any CPU
		{6F698910-E80B-43A0-ADCF-49BE0510F397}.Debug|Any CPU.Build.0 = Debug|Any CPU
		{6F698910-E80B-43A0-ADCF-49BE0510F397}.Release|Any CPU.ActiveCfg = Release|Any CPU
		{6F698910-E80B-43A0-ADCF-49BE0510F397}.Release|Any CPU.Build.0 = Release|Any CPU
	EndGlobalSection
	GlobalSection(SolutionProperties) = preSolution
		HideSolutionNode = FALSE
	EndGlobalSection
	GlobalSection(ExtensibilityGlobals) = postSolution
		SolutionGuid = {69DB22A6-CEF5-4DAB-B530-F90E4760FC66}
	EndGlobalSection
EndGlobal
